// !$*UTF8*$!
{
	archiveVersion = 1;
	classes = {
	};
	objectVersion = 56;
	objects = {

/* Begin PBXBuildFile section */
		5AFBB5582920687900CCEA30 /* btSchoolSafetyApp.swift in Sources */ = {isa = PBXBuildFile; fileRef = 5AFBB5572920687900CCEA30 /* btSchoolSafetyApp.swift */; };
		5AFBB55A2920687900CCEA30 /* HomeView.swift in Sources */ = {isa = PBXBuildFile; fileRef = 5AFBB5592920687900CCEA30 /* HomeView.swift */; };
		5AFBB55C2920687A00CCEA30 /* Assets.xcassets in Resources */ = {isa = PBXBuildFile; fileRef = 5AFBB55B2920687A00CCEA30 /* Assets.xcassets */; };
		5AFBB55F2920687A00CCEA30 /* Preview Assets.xcassets in Resources */ = {isa = PBXBuildFile; fileRef = 5AFBB55E2920687A00CCEA30 /* Preview Assets.xcassets */; };
		5AFBB5682921C80400CCEA30 /* Backend.swift in Sources */ = {isa = PBXBuildFile; fileRef = 5AFBB5672921C80400CCEA30 /* Backend.swift */; };
		5AFBB56B2921E5C600CCEA30 /* PanicSelector.swift in Sources */ = {isa = PBXBuildFile; fileRef = 5AFBB56A2921E5C500CCEA30 /* PanicSelector.swift */; };
		5AFBB56D2921E99600CCEA30 /* WaitingView.swift in Sources */ = {isa = PBXBuildFile; fileRef = 5AFBB56C2921E99600CCEA30 /* WaitingView.swift */; };
		5AFBB56F2921EB0E00CCEA30 /* System.swift in Sources */ = {isa = PBXBuildFile; fileRef = 5AFBB56E2921EB0E00CCEA30 /* System.swift */; };
/* End PBXBuildFile section */

/* Begin PBXFileReference section */
		5AFBB5542920687900CCEA30 /* btSchoolSafety.app */ = {isa = PBXFileReference; explicitFileType = wrapper.application; includeInIndex = 0; path = btSchoolSafety.app; sourceTree = BUILT_PRODUCTS_DIR; };
		5AFBB5572920687900CCEA30 /* btSchoolSafetyApp.swift */ = {isa = PBXFileReference; lastKnownFileType = sourcecode.swift; path = btSchoolSafetyApp.swift; sourceTree = "<group>"; };
		5AFBB5592920687900CCEA30 /* HomeView.swift */ = {isa = PBXFileReference; lastKnownFileType = sourcecode.swift; path = HomeView.swift; sourceTree = "<group>"; };
		5AFBB55B2920687A00CCEA30 /* Assets.xcassets */ = {isa = PBXFileReference; lastKnownFileType = folder.assetcatalog; path = Assets.xcassets; sourceTree = "<group>"; };
		5AFBB55E2920687A00CCEA30 /* Preview Assets.xcassets */ = {isa = PBXFileReference; lastKnownFileType = folder.assetcatalog; path = "Preview Assets.xcassets"; sourceTree = "<group>"; };
		5AFBB5662921C78300CCEA30 /* Info.plist */ = {isa = PBXFileReference; lastKnownFileType = text.plist; path = Info.plist; sourceTree = "<group>"; };
		5AFBB5672921C80400CCEA30 /* Backend.swift */ = {isa = PBXFileReference; lastKnownFileType = sourcecode.swift; path = Backend.swift; sourceTree = "<group>"; };
		5AFBB5692921D3EC00CCEA30 /* Config.xcconfig */ = {isa = PBXFileReference; lastKnownFileType = text.xcconfig; path = Config.xcconfig; sourceTree = "<group>"; };
		5AFBB56A2921E5C500CCEA30 /* PanicSelector.swift */ = {isa = PBXFileReference; lastKnownFileType = sourcecode.swift; path = PanicSelector.swift; sourceTree = "<group>"; };
		5AFBB56C2921E99600CCEA30 /* WaitingView.swift */ = {isa = PBXFileReference; lastKnownFileType = sourcecode.swift; path = WaitingView.swift; sourceTree = "<group>"; };
		5AFBB56E2921EB0E00CCEA30 /* System.swift */ = {isa = PBXFileReference; lastKnownFileType = sourcecode.swift; path = System.swift; sourceTree = "<group>"; };
/* End PBXFileReference section */

/* Begin PBXFrameworksBuildPhase section */
		5AFBB5512920687900CCEA30 /* Frameworks */ = {
			isa = PBXFrameworksBuildPhase;
			buildActionMask = 2147483647;
			files = (
			);
			runOnlyForDeploymentPostprocessing = 0;
		};
/* End PBXFrameworksBuildPhase section */

/* Begin PBXGroup section */
		5AFBB54B2920687900CCEA30 = {
			isa = PBXGroup;
			children = (
				5AFBB5562920687900CCEA30 /* btSchoolSafety */,
				5AFBB5552920687900CCEA30 /* Products */,
			);
			sourceTree = "<group>";
		};
		5AFBB5552920687900CCEA30 /* Products */ = {
			isa = PBXGroup;
			children = (
				5AFBB5542920687900CCEA30 /* btSchoolSafety.app */,
			);
			name = Products;
			sourceTree = "<group>";
		};
		5AFBB5562920687900CCEA30 /* btSchoolSafety */ = {
			isa = PBXGroup;
			children = (
				5AFBB5662921C78300CCEA30 /* Info.plist */,
				5AFBB5572920687900CCEA30 /* btSchoolSafetyApp.swift */,
				5AFBB5592920687900CCEA30 /* HomeView.swift */,
				5AFBB56A2921E5C500CCEA30 /* PanicSelector.swift */,
				5AFBB56E2921EB0E00CCEA30 /* System.swift */,
				5AFBB5672921C80400CCEA30 /* Backend.swift */,
				5AFBB56C2921E99600CCEA30 /* WaitingView.swift */,
				5AFBB55B2920687A00CCEA30 /* Assets.xcassets */,
				5AFBB5692921D3EC00CCEA30 /* Config.xcconfig */,
				5AFBB55D2920687A00CCEA30 /* Preview Content */,
			);
			path = btSchoolSafety;
			sourceTree = "<group>";
		};
		5AFBB55D2920687A00CCEA30 /* Preview Content */ = {
			isa = PBXGroup;
			children = (
				5AFBB55E2920687A00CCEA30 /* Preview Assets.xcassets */,
			);
			path = "Preview Content";
			sourceTree = "<group>";
		};
/* End PBXGroup section */

/* Begin PBXNativeTarget section */
		5AFBB5532920687900CCEA30 /* btSchoolSafety */ = {
			isa = PBXNativeTarget;
			buildConfigurationList = 5AFBB5622920687A00CCEA30 /* Build configuration list for PBXNativeTarget "btSchoolSafety" */;
			buildPhases = (
				5AFBB5502920687900CCEA30 /* Sources */,
				5AFBB5512920687900CCEA30 /* Frameworks */,
				5AFBB5522920687900CCEA30 /* Resources */,
			);
			buildRules = (
			);
			dependencies = (
			);
			name = btSchoolSafety;
			productName = btSchoolSafety;
			productReference = 5AFBB5542920687900CCEA30 /* btSchoolSafety.app */;
			productType = "com.apple.product-type.application";
		};
/* End PBXNativeTarget section */

/* Begin PBXProject section */
		5AFBB54C2920687900CCEA30 /* Project object */ = {
			isa = PBXProject;
			attributes = {
				BuildIndependentTargetsInParallel = 1;
				LastSwiftUpdateCheck = 1410;
				LastUpgradeCheck = 1410;
				TargetAttributes = {
					5AFBB5532920687900CCEA30 = {
						CreatedOnToolsVersion = 14.1;
					};
				};
			};
			buildConfigurationList = 5AFBB54F2920687900CCEA30 /* Build configuration list for PBXProject "btSchoolSafety" */;
			compatibilityVersion = "Xcode 14.0";
			developmentRegion = en;
			hasScannedForEncodings = 0;
			knownRegions = (
				en,
				Base,
			);
			mainGroup = 5AFBB54B2920687900CCEA30;
			productRefGroup = 5AFBB5552920687900CCEA30 /* Products */;
			projectDirPath = "";
			projectRoot = "";
			targets = (
				5AFBB5532920687900CCEA30 /* btSchoolSafety */,
			);
		};
/* End PBXProject section */

/* Begin PBXResourcesBuildPhase section */
		5AFBB5522920687900CCEA30 /* Resources */ = {
			isa = PBXResourcesBuildPhase;
			buildActionMask = 2147483647;
			files = (
				5AFBB55F2920687A00CCEA30 /* Preview Assets.xcassets in Resources */,
				5AFBB55C2920687A00CCEA30 /* Assets.xcassets in Resources */,
			);
			runOnlyForDeploymentPostprocessing = 0;
		};
/* End PBXResourcesBuildPhase section */

/* Begin PBXSourcesBuildPhase section */
		5AFBB5502920687900CCEA30 /* Sources */ = {
			isa = PBXSourcesBuildPhase;
			buildActionMask = 2147483647;
			files = (
				5AFBB55A2920687900CCEA30 /* HomeView.swift in Sources */,
				5AFBB56D2921E99600CCEA30 /* WaitingView.swift in Sources */,
				5AFBB5582920687900CCEA30 /* btSchoolSafetyApp.swift in Sources */,
				5AFBB56B2921E5C600CCEA30 /* PanicSelector.swift in Sources */,
				5AFBB56F2921EB0E00CCEA30 /* System.swift in Sources */,
				5AFBB5682921C80400CCEA30 /* Backend.swift in Sources */,
			);
			runOnlyForDeploymentPostprocessing = 0;
		};
/* End PBXSourcesBuildPhase section */

/* Begin XCBuildConfiguration section */
		5AFBB5602920687A00CCEA30 /* Debug */ = {
			isa = XCBuildConfiguration;
			baseConfigurationReference = 5AFBB5692921D3EC00CCEA30 /* Config.xcconfig */;
			buildSettings = {
				ALWAYS_SEARCH_USER_PATHS = NO;
				CLANG_ANALYZER_NONNULL = YES;
				CLANG_ANALYZER_NUMBER_OBJECT_CONVERSION = YES_AGGRESSIVE;
				CLANG_CXX_LANGUAGE_STANDARD = "gnu++20";
				CLANG_ENABLE_MODULES = YES;
				CLANG_ENABLE_OBJC_ARC = YES;
				CLANG_ENABLE_OBJC_WEAK = YES;
				CLANG_WARN_BLOCK_CAPTURE_AUTORELEASING = YES;
				CLANG_WARN_BOOL_CONVERSION = YES;
				CLANG_WARN_COMMA = YES;
				CLANG_WARN_CONSTANT_CONVERSION = YES;
				CLANG_WARN_DEPRECATED_OBJC_IMPLEMENTATIONS = YES;
				CLANG_WARN_DIRECT_OBJC_ISA_USAGE = YES_ERROR;
				CLANG_WARN_DOCUMENTATION_COMMENTS = YES;
				CLANG_WARN_EMPTY_BODY = YES;
				CLANG_WARN_ENUM_CONVERSION = YES;
				CLANG_WARN_INFINITE_RECURSION = YES;
				CLANG_WARN_INT_CONVERSION = YES;
				CLANG_WARN_NON_LITERAL_NULL_CONVERSION = YES;
				CLANG_WARN_OBJC_IMPLICIT_RETAIN_SELF = YES;
				CLANG_WARN_OBJC_LITERAL_CONVERSION = YES;
				CLANG_WARN_OBJC_ROOT_CLASS = YES_ERROR;
				CLANG_WARN_QUOTED_INCLUDE_IN_FRAMEWORK_HEADER = YES;
				CLANG_WARN_RANGE_LOOP_ANALYSIS = YES;
				CLANG_WARN_STRICT_PROTOTYPES = YES;
				CLANG_WARN_SUSPICIOUS_MOVE = YES;
				CLANG_WARN_UNGUARDED_AVAILABILITY = YES_AGGRESSIVE;
				CLANG_WARN_UNREACHABLE_CODE = YES;
				CLANG_WARN__DUPLICATE_METHOD_MATCH = YES;
				COPY_PHASE_STRIP = NO;
				DEBUG_INFORMATION_FORMAT = dwarf;
				ENABLE_STRICT_OBJC_MSGSEND = YES;
				ENABLE_TESTABILITY = YES;
				GCC_C_LANGUAGE_STANDARD = gnu11;
				GCC_DYNAMIC_NO_PIC = NO;
				GCC_NO_COMMON_BLOCKS = YES;
				GCC_OPTIMIZATION_LEVEL = 0;
				GCC_PREPROCESSOR_DEFINITIONS = (
					"DEBUG=1",
					"$(inherited)",
				);
				GCC_WARN_64_TO_32_BIT_CONVERSION = YES;
				GCC_WARN_ABOUT_RETURN_TYPE = YES_ERROR;
				GCC_WARN_UNDECLARED_SELECTOR = YES;
				GCC_WARN_UNINITIALIZED_AUTOS = YES_AGGRESSIVE;
				GCC_WARN_UNUSED_FUNCTION = YES;
				GCC_WARN_UNUSED_VARIABLE = YES;
				IPHONEOS_DEPLOYMENT_TARGET = 15.0;
				MTL_ENABLE_DEBUG_INFO = INCLUDE_SOURCE;
				MTL_FAST_MATH = YES;
				ONLY_ACTIVE_ARCH = YES;
				SDKROOT = iphoneos;
				SWIFT_ACTIVE_COMPILATION_CONDITIONS = DEBUG;
				SWIFT_OPTIMIZATION_LEVEL = "-Onone";
			};
			name = Debug;
		};
		5AFBB5612920687A00CCEA30 /* Release */ = {
			isa = XCBuildConfiguration;
			buildSettings = {
				ALWAYS_SEARCH_USER_PATHS = NO;
				CLANG_ANALYZER_NONNULL = YES;
				CLANG_ANALYZER_NUMBER_OBJECT_CONVERSION = YES_AGGRESSIVE;
				CLANG_CXX_LANGUAGE_STANDARD = "gnu++20";
				CLANG_ENABLE_MODULES = YES;
				CLANG_ENABLE_OBJC_ARC = YES;
				CLANG_ENABLE_OBJC_WEAK = YES;
				CLANG_WARN_BLOCK_CAPTURE_AUTORELEASING = YES;
				CLANG_WARN_BOOL_CONVERSION = YES;
				CLANG_WARN_COMMA = YES;
				CLANG_WARN_CONSTANT_CONVERSION = YES;
				CLANG_WARN_DEPRECATED_OBJC_IMPLEMENTATIONS = YES;
				CLANG_WARN_DIRECT_OBJC_ISA_USAGE = YES_ERROR;
				CLANG_WARN_DOCUMENTATION_COMMENTS = YES;
				CLANG_WARN_EMPTY_BODY = YES;
				CLANG_WARN_ENUM_CONVERSION = YES;
				CLANG_WARN_INFINITE_RECURSION = YES;
				CLANG_WARN_INT_CONVERSION = YES;
				CLANG_WARN_NON_LITERAL_NULL_CONVERSION = YES;
				CLANG_WARN_OBJC_IMPLICIT_RETAIN_SELF = YES;
				CLANG_WARN_OBJC_LITERAL_CONVERSION = YES;
				CLANG_WARN_OBJC_ROOT_CLASS = YES_ERROR;
				CLANG_WARN_QUOTED_INCLUDE_IN_FRAMEWORK_HEADER = YES;
				CLANG_WARN_RANGE_LOOP_ANALYSIS = YES;
				CLANG_WARN_STRICT_PROTOTYPES = YES;
				CLANG_WARN_SUSPICIOUS_MOVE = YES;
				CLANG_WARN_UNGUARDED_AVAILABILITY = YES_AGGRESSIVE;
				CLANG_WARN_UNREACHABLE_CODE = YES;
				CLANG_WARN__DUPLICATE_METHOD_MATCH = YES;
				COPY_PHASE_STRIP = NO;
				DEBUG_INFORMATION_FORMAT = "dwarf-with-dsym";
				ENABLE_NS_ASSERTIONS = NO;
				ENABLE_STRICT_OBJC_MSGSEND = YES;
				GCC_C_LANGUAGE_STANDARD = gnu11;
				GCC_NO_COMMON_BLOCKS = YES;
				GCC_WARN_64_TO_32_BIT_CONVERSION = YES;
				GCC_WARN_ABOUT_RETURN_TYPE = YES_ERROR;
				GCC_WARN_UNDECLARED_SELECTOR = YES;
				GCC_WARN_UNINITIALIZED_AUTOS = YES_AGGRESSIVE;
				GCC_WARN_UNUSED_FUNCTION = YES;
				GCC_WARN_UNUSED_VARIABLE = YES;
				IPHONEOS_DEPLOYMENT_TARGET = 15.0;
				MTL_ENABLE_DEBUG_INFO = NO;
				MTL_FAST_MATH = YES;
				SDKROOT = iphoneos;
				SWIFT_COMPILATION_MODE = wholemodule;
				SWIFT_OPTIMIZATION_LEVEL = "-O";
				VALIDATE_PRODUCT = YES;
			};
			name = Release;
		};
		5AFBB5632920687A00CCEA30 /* Debug */ = {
			isa = XCBuildConfiguration;
			buildSettings = {
				ASSETCATALOG_COMPILER_APPICON_NAME = AppIcon;
				ASSETCATALOG_COMPILER_GLOBAL_ACCENT_COLOR_NAME = AccentColor;
				CODE_SIGN_STYLE = Automatic;
				CURRENT_PROJECT_VERSION = 1;
				DEVELOPMENT_ASSET_PATHS = "\"btSchoolSafety/Preview Content\"";
				DEVELOPMENT_TEAM = 2H99YC92SN;
				ENABLE_PREVIEWS = YES;
				GENERATE_INFOPLIST_FILE = YES;
				INFOPLIST_FILE = btSchoolSafety/Info.plist;
				INFOPLIST_KEY_UIApplicationSceneManifest_Generation = YES;
				INFOPLIST_KEY_UIApplicationSupportsIndirectInputEvents = YES;
				INFOPLIST_KEY_UILaunchScreen_Generation = YES;
				INFOPLIST_KEY_UISupportedInterfaceOrientations_iPad = "UIInterfaceOrientationPortrait UIInterfaceOrientationPortraitUpsideDown UIInterfaceOrientationLandscapeLeft UIInterfaceOrientationLandscapeRight";
				INFOPLIST_KEY_UISupportedInterfaceOrientations_iPhone = "UIInterfaceOrientationPortrait UIInterfaceOrientationLandscapeLeft UIInterfaceOrientationLandscapeRight";
				IPHONEOS_DEPLOYMENT_TARGET = 15.0;
				LD_RUNPATH_SEARCH_PATHS = (
					"$(inherited)",
					"@executable_path/Frameworks",
				);
				MARKETING_VERSION = 1.0;
				PRODUCT_BUNDLE_IDENTIFIER = edu.umich.orodri.btSchoolSafety;
				PRODUCT_NAME = "$(TARGET_NAME)";
				SWIFT_EMIT_LOC_STRINGS = YES;
				SWIFT_VERSION = 5.0;
				TARGETED_DEVICE_FAMILY = "1,2";
			};
			name = Debug;
		};
		5AFBB5642920687A00CCEA30 /* Release */ = {
			isa = XCBuildConfiguration;
			buildSettings = {
				ASSETCATALOG_COMPILER_APPICON_NAME = AppIcon;
				ASSETCATALOG_COMPILER_GLOBAL_ACCENT_COLOR_NAME = AccentColor;
				CODE_SIGN_STYLE = Automatic;
				CURRENT_PROJECT_VERSION = 1;
				DEVELOPMENT_ASSET_PATHS = "\"btSchoolSafety/Preview Content\"";
				DEVELOPMENT_TEAM = 2H99YC92SN;
				ENABLE_PREVIEWS = YES;
				GENERATE_INFOPLIST_FILE = YES;
				INFOPLIST_FILE = btSchoolSafety/Info.plist;
				INFOPLIST_KEY_UIApplicationSceneManifest_Generation = YES;
				INFOPLIST_KEY_UIApplicationSupportsIndirectInputEvents = YES;
				INFOPLIST_KEY_UILaunchScreen_Generation = YES;
				INFOPLIST_KEY_UISupportedInterfaceOrientations_iPad = "UIInterfaceOrientationPortrait UIInterfaceOrientationPortraitUpsideDown UIInterfaceOrientationLandscapeLeft UIInterfaceOrientationLandscapeRight";
				INFOPLIST_KEY_UISupportedInterfaceOrientations_iPhone = "UIInterfaceOrientationPortrait UIInterfaceOrientationLandscapeLeft UIInterfaceOrientationLandscapeRight";
				IPHONEOS_DEPLOYMENT_TARGET = 15.0;
				LD_RUNPATH_SEARCH_PATHS = (
					"$(inherited)",
					"@executable_path/Frameworks",
				);
				MARKETING_VERSION = 1.0;
				PRODUCT_BUNDLE_IDENTIFIER = edu.umich.orodri.btSchoolSafety;
				PRODUCT_NAME = "$(TARGET_NAME)";
				SWIFT_EMIT_LOC_STRINGS = YES;
				SWIFT_VERSION = 5.0;
				TARGETED_DEVICE_FAMILY = "1,2";
			};
			name = Release;
		};
/* End XCBuildConfiguration section */

/* Begin XCConfigurationList section */
		5AFBB54F2920687900CCEA30 /* Build configuration list for PBXProject "btSchoolSafety" */ = {
			isa = XCConfigurationList;
			buildConfigurations = (
				5AFBB5602920687A00CCEA30 /* Debug */,
				5AFBB5612920687A00CCEA30 /* Release */,
			);
			defaultConfigurationIsVisible = 0;
			defaultConfigurationName = Release;
		};
		5AFBB5622920687A00CCEA30 /* Build configuration list for PBXNativeTarget "btSchoolSafety" */ = {
			isa = XCConfigurationList;
			buildConfigurations = (
				5AFBB5632920687A00CCEA30 /* Debug */,
				5AFBB5642920687A00CCEA30 /* Release */,
			);
			defaultConfigurationIsVisible = 0;
			defaultConfigurationName = Release;
		};
/* End XCConfigurationList section */
	};
	rootObject = 5AFBB54C2920687900CCEA30 /* Project object */;
}
